
Microsoft Visual Studio Solution File, Format Version 12.00
# Visual Studio Version 16
VisualStudioVersion = 16.0.31025.218
MinimumVisualStudioVersion = 10.0.40219.1
Project("{FAE04EC0-301F-11D3-BF4B-00C04F79EFBC}") = "WebookValidationExample", "WebookValidationExample.csproj", "{8427FD2E-C8EF-45CA-977F-1DC08C5354D3}"
EndProject
Global
	GlobalSection(SolutionConfigurationPlatforms) = preSolution
		Debug|Any CPU = Debug|Any CPU
		Release|Any CPU = Release|Any CPU
	EndGlobalSection
	GlobalSection(ProjectConfigurationPlatforms) = postSolution
		{8427FD2E-C8EF-45CA-977F-1DC08C5354D3}.Debug|Any CPU.ActiveCfg = Debug|Any CPU
		{8427FD2E-C8EF-45CA-977F-1DC08C5354D3}.Debug|Any CPU.Build.0 = Debug|Any CPU
		{8427FD2E-C8EF-45CA-977F-1DC08C5354D3}.Release|Any CPU.ActiveCfg = Release|Any CPU
		{8427FD2E-C8EF-45CA-977F-1DC08C5354D3}.Release|Any CPU.Build.0 = Release|Any CPU
	EndGlobalSection
	GlobalSection(SolutionProperties) = preSolution
		HideSolutionNode = FALSE
	EndGlobalSection
	GlobalSection(ExtensibilityGlobals) = postSolution
		SolutionGuid = {995A6CD2-4FCD-4329-BBE5-DA6CB71A85AB}
	EndGlobalSection
EndGlobal
